
Microsoft Visual Studio Solution File, Format Version 12.00
# Visual Studio Version 17
VisualStudioVersion = 17.2.32519.379
MinimumVisualStudioVersion = 10.0.40219.1
Project("{FAE04EC0-301F-11D3-BF4B-00C04F79EFBC}") = "Payspace.Test.Project", "Payspace.Test.Project\Payspace.Test.Project.csproj", "{2FB35BBD-A3E5-4FC6-85A7-27137808AED8}"
EndProject
Project("{FAE04EC0-301F-11D3-BF4B-00C04F79EFBC}") = "Payspace.Test.Project.Tests", "Payspace.Test.Project.Tests\Payspace.Test.Project.Tests.csproj", "{43272C30-B8AD-4FCA-BCC7-66EA0B64645D}"
EndProject
Project("{FAE04EC0-301F-11D3-BF4B-00C04F79EFBC}") = "Payspace.Test.Project.IntegrationTests", "Payspace.Test.Project.IntegrationTests\Payspace.Test.Project.IntegrationTests.csproj", "{CA0DFBC8-F626-4409-B5F7-5066EB9B53AA}"
EndProject
Global
	GlobalSection(SolutionConfigurationPlatforms) = preSolution
		Debug|Any CPU = Debug|Any CPU
		Release|Any CPU = Release|Any CPU
	EndGlobalSection
	GlobalSection(ProjectConfigurationPlatforms) = postSolution
		{2FB35BBD-A3E5-4FC6-85A7-27137808AED8}.Debug|Any CPU.ActiveCfg = Debug|Any CPU
		{2FB35BBD-A3E5-4FC6-85A7-27137808AED8}.Debug|Any CPU.Build.0 = Debug|Any CPU
		{2FB35BBD-A3E5-4FC6-85A7-27137808AED8}.Release|Any CPU.ActiveCfg = Release|Any CPU
		{2FB35BBD-A3E5-4FC6-85A7-27137808AED8}.Release|Any CPU.Build.0 = Release|Any CPU
		{43272C30-B8AD-4FCA-BCC7-66EA0B64645D}.Debug|Any CPU.ActiveCfg = Debug|Any CPU
		{43272C30-B8AD-4FCA-BCC7-66EA0B64645D}.Debug|Any CPU.Build.0 = Debug|Any CPU
		{43272C30-B8AD-4FCA-BCC7-66EA0B64645D}.Release|Any CPU.ActiveCfg = Release|Any CPU
		{43272C30-B8AD-4FCA-BCC7-66EA0B64645D}.Release|Any CPU.Build.0 = Release|Any CPU
		{CA0DFBC8-F626-4409-B5F7-5066EB9B53AA}.Debug|Any CPU.ActiveCfg = Debug|Any CPU
		{CA0DFBC8-F626-4409-B5F7-5066EB9B53AA}.Debug|Any CPU.Build.0 = Debug|Any CPU
		{CA0DFBC8-F626-4409-B5F7-5066EB9B53AA}.Release|Any CPU.ActiveCfg = Release|Any CPU
		{CA0DFBC8-F626-4409-B5F7-5066EB9B53AA}.Release|Any CPU.Build.0 = Release|Any CPU
	EndGlobalSection
	GlobalSection(SolutionProperties) = preSolution
		HideSolutionNode = FALSE
	EndGlobalSection
	GlobalSection(ExtensibilityGlobals) = postSolution
		SolutionGuid = {78E09980-B278-48C5-8E7C-71A66BDEA473}
	EndGlobalSection
EndGlobal
